github.com/woodie/expect v0.1.0 h1:dOdTraq78Q0KWlLk7Z1if6AVznIavDVgAxV3TeCJhxY=
github.com/woodie/expect v0.1.0/go.mod h1:6h5u+E/zQEl21xHZxEDTltYhQqMc2tFA7UkxSewNZX0=
github.com/woodie/spec v0.1.0 h1:48HQz2R1+Visy3XUG34eZaRKkJ86LPSPG8MW1uvq7jo=
github.com/woodie/spec v0.1.0/go.mod h1:/Ac26vlNX1D141mAXXy0iRyikkxhsP0pyeThCKePWik=
