github.com/woodie/expect v0.2.0 h1:Dfah+hA6gyCgF/cbZD9JSfcm8zzUoegg7fpDTTxaCBM=
github.com/woodie/expect v0.2.0/go.mod h1:emAJCz5uMe74YplkKYxbesR/9SQuAyl2Yi5xP7hwV1Q=
github.com/woodie/spec v0.1.0 h1:48HQz2R1+Visy3XUG34eZaRKkJ86LPSPG8MW1uvq7jo=
github.com/woodie/spec v0.1.0/go.mod h1:/Ac26vlNX1D141mAXXy0iRyikkxhsP0pyeThCKePWik=
