github.com/sclevine/spec v1.4.0 h1:z/Q9idDcay5m5irkZ28M7PtQM4aOISzOpj4bUPkDee8=
github.com/sclevine/spec v1.4.0/go.mod h1:LvpgJaFyvQzRvc1kaDs0bulYwzC70PbiYjC4QnFHkOM=
github.com/woodie/expect v0.3.0 h1:hbpG1fHoFu0ol6U0eJN/Bp1lt1o+8SOdlkTw3LDHKyQ=
github.com/woodie/expect v0.3.0/go.mod h1:ZxJuhCDQnYidq+mavtjV57C8Xk3PWT3aMOfai2AUUUc=
